
Microsoft Visual Studio Solution File, Format Version 12.00
# Visual Studio 15
VisualStudioVersion = 15.0.27703.2035
MinimumVisualStudioVersion = 10.0.40219.1
Project("{FAE04EC0-301F-11D3-BF4B-00C04F79EFBC}") = "SolarAircraftDesign", "SolarAircraftDesign\SolarAircraftDesign.csproj", "{C0C2CE39-A4E8-4608-B805-51FF13F05021}"
EndProject
Project("{FAE04EC0-301F-11D3-BF4B-00C04F79EFBC}") = "SolarAircraftDesignTester", "SolarAircraftDesignTester\SolarAircraftDesignTester.csproj", "{0A6E6636-EEE2-4F9D-9317-BA50C0616654}"
EndProject
Global
	GlobalSection(SolutionConfigurationPlatforms) = preSolution
		Debug|Any CPU = Debug|Any CPU
		Release|Any CPU = Release|Any CPU
	EndGlobalSection
	GlobalSection(ProjectConfigurationPlatforms) = postSolution
		{C0C2CE39-A4E8-4608-B805-51FF13F05021}.Debug|Any CPU.ActiveCfg = Debug|Any CPU
		{C0C2CE39-A4E8-4608-B805-51FF13F05021}.Debug|Any CPU.Build.0 = Debug|Any CPU
		{C0C2CE39-A4E8-4608-B805-51FF13F05021}.Release|Any CPU.ActiveCfg = Release|Any CPU
		{C0C2CE39-A4E8-4608-B805-51FF13F05021}.Release|Any CPU.Build.0 = Release|Any CPU
		{0A6E6636-EEE2-4F9D-9317-BA50C0616654}.Debug|Any CPU.ActiveCfg = Debug|Any CPU
		{0A6E6636-EEE2-4F9D-9317-BA50C0616654}.Debug|Any CPU.Build.0 = Debug|Any CPU
		{0A6E6636-EEE2-4F9D-9317-BA50C0616654}.Release|Any CPU.ActiveCfg = Release|Any CPU
		{0A6E6636-EEE2-4F9D-9317-BA50C0616654}.Release|Any CPU.Build.0 = Release|Any CPU
	EndGlobalSection
	GlobalSection(SolutionProperties) = preSolution
		HideSolutionNode = FALSE
	EndGlobalSection
	GlobalSection(ExtensibilityGlobals) = postSolution
		SolutionGuid = {AC50B206-A8EF-45A4-9FDE-BA690562D8F2}
	EndGlobalSection
EndGlobal
